
Microsoft Visual Studio Solution File, Format Version 12.00
# Visual Studio 14
VisualStudioVersion = 14.0.24720.0
MinimumVisualStudioVersion = 10.0.40219.1
Project("{FAE04EC0-301F-11D3-BF4B-00C04F79EFBC}") = "ITMoldova", "ITMoldova\ITMoldova.csproj", "{E1EF17C2-372C-4363-9CB2-71D67DFF7C5B}"
EndProject
Project("{FAE04EC0-301F-11D3-BF4B-00C04F79EFBC}") = "ITMUtils", "ITMUtils\ITMUtils.csproj", "{076945DE-9A9A-48C1-847F-60C47AEFAE24}"
EndProject
Global
	GlobalSection(SolutionConfigurationPlatforms) = preSolution
		Debug|Any CPU = Debug|Any CPU
		Debug|ARM = Debug|ARM
		Debug|x64 = Debug|x64
		Debug|x86 = Debug|x86
		Release|Any CPU = Release|Any CPU
		Release|ARM = Release|ARM
		Release|x64 = Release|x64
		Release|x86 = Release|x86
	EndGlobalSection
	GlobalSection(ProjectConfigurationPlatforms) = postSolution
		{E1EF17C2-372C-4363-9CB2-71D67DFF7C5B}.Debug|Any CPU.ActiveCfg = Debug|x86
		{E1EF17C2-372C-4363-9CB2-71D67DFF7C5B}.Debug|Any CPU.Build.0 = Debug|x86
		{E1EF17C2-372C-4363-9CB2-71D67DFF7C5B}.Debug|Any CPU.Deploy.0 = Debug|x86
		{E1EF17C2-372C-4363-9CB2-71D67DFF7C5B}.Debug|ARM.ActiveCfg = Debug|ARM
		{E1EF17C2-372C-4363-9CB2-71D67DFF7C5B}.Debug|ARM.Build.0 = Debug|ARM
		{E1EF17C2-372C-4363-9CB2-71D67DFF7C5B}.Debug|ARM.Deploy.0 = Debug|ARM
		{E1EF17C2-372C-4363-9CB2-71D67DFF7C5B}.Debug|x64.ActiveCfg = Debug|x64
		{E1EF17C2-372C-4363-9CB2-71D67DFF7C5B}.Debug|x64.Build.0 = Debug|x64
		{E1EF17C2-372C-4363-9CB2-71D67DFF7C5B}.Debug|x64.Deploy.0 = Debug|x64
		{E1EF17C2-372C-4363-9CB2-71D67DFF7C5B}.Debug|x86.ActiveCfg = Debug|x86
		{E1EF17C2-372C-4363-9CB2-71D67DFF7C5B}.Debug|x86.Build.0 = Debug|x86
		{E1EF17C2-372C-4363-9CB2-71D67DFF7C5B}.Debug|x86.Deploy.0 = Debug|x86
		{E1EF17C2-372C-4363-9CB2-71D67DFF7C5B}.Release|Any CPU.ActiveCfg = Release|x86
		{E1EF17C2-372C-4363-9CB2-71D67DFF7C5B}.Release|ARM.ActiveCfg = Release|ARM
		{E1EF17C2-372C-4363-9CB2-71D67DFF7C5B}.Release|ARM.Build.0 = Release|ARM
		{E1EF17C2-372C-4363-9CB2-71D67DFF7C5B}.Release|ARM.Deploy.0 = Release|ARM
		{E1EF17C2-372C-4363-9CB2-71D67DFF7C5B}.Release|x64.ActiveCfg = Release|x64
		{E1EF17C2-372C-4363-9CB2-71D67DFF7C5B}.Release|x64.Build.0 = Release|x64
		{E1EF17C2-372C-4363-9CB2-71D67DFF7C5B}.Release|x64.Deploy.0 = Release|x64
		{E1EF17C2-372C-4363-9CB2-71D67DFF7C5B}.Release|x86.ActiveCfg = Release|x86
		{E1EF17C2-372C-4363-9CB2-71D67DFF7C5B}.Release|x86.Build.0 = Release|x86
		{E1EF17C2-372C-4363-9CB2-71D67DFF7C5B}.Release|x86.Deploy.0 = Release|x86
		{076945DE-9A9A-48C1-847F-60C47AEFAE24}.Debug|Any CPU.ActiveCfg = Debug|Any CPU
		{076945DE-9A9A-48C1-847F-60C47AEFAE24}.Debug|Any CPU.Build.0 = Debug|Any CPU
		{076945DE-9A9A-48C1-847F-60C47AEFAE24}.Debug|ARM.ActiveCfg = Debug|ARM
		{076945DE-9A9A-48C1-847F-60C47AEFAE24}.Debug|ARM.Build.0 = Debug|ARM
		{076945DE-9A9A-48C1-847F-60C47AEFAE24}.Debug|x64.ActiveCfg = Debug|x64
		{076945DE-9A9A-48C1-847F-60C47AEFAE24}.Debug|x64.Build.0 = Debug|x64
		{076945DE-9A9A-48C1-847F-60C47AEFAE24}.Debug|x86.ActiveCfg = Debug|x86
		{076945DE-9A9A-48C1-847F-60C47AEFAE24}.Debug|x86.Build.0 = Debug|x86
		{076945DE-9A9A-48C1-847F-60C47AEFAE24}.Release|Any CPU.ActiveCfg = Release|Any CPU
		{076945DE-9A9A-48C1-847F-60C47AEFAE24}.Release|Any CPU.Build.0 = Release|Any CPU
		{076945DE-9A9A-48C1-847F-60C47AEFAE24}.Release|ARM.ActiveCfg = Release|ARM
		{076945DE-9A9A-48C1-847F-60C47AEFAE24}.Release|ARM.Build.0 = Release|ARM
		{076945DE-9A9A-48C1-847F-60C47AEFAE24}.Release|x64.ActiveCfg = Release|x64
		{076945DE-9A9A-48C1-847F-60C47AEFAE24}.Release|x64.Build.0 = Release|x64
		{076945DE-9A9A-48C1-847F-60C47AEFAE24}.Release|x86.ActiveCfg = Release|x86
		{076945DE-9A9A-48C1-847F-60C47AEFAE24}.Release|x86.Build.0 = Release|x86
	EndGlobalSection
	GlobalSection(SolutionProperties) = preSolution
		HideSolutionNode = FALSE
	EndGlobalSection
EndGlobal
